
Microsoft Visual Studio Solution File, Format Version 12.00
# Visual Studio Version 17
VisualStudioVersion = 17.3.32804.467
MinimumVisualStudioVersion = 10.0.40219.1
Project("{FAE04EC0-301F-11D3-BF4B-00C04F79EFBC}") = "GetBitmapLeak", "GetBitmapLeak\GetBitmapLeak.csproj", "{1438F042-C6D0-4B05-9D55-9AA49650A76B}"
EndProject
Global
	GlobalSection(SolutionConfigurationPlatforms) = preSolution
		Debug|Any CPU = Debug|Any CPU
		Release|Any CPU = Release|Any CPU
	EndGlobalSection
	GlobalSection(ProjectConfigurationPlatforms) = postSolution
		{1438F042-C6D0-4B05-9D55-9AA49650A76B}.Debug|Any CPU.ActiveCfg = Debug|Any CPU
		{1438F042-C6D0-4B05-9D55-9AA49650A76B}.Debug|Any CPU.Build.0 = Debug|Any CPU
		{1438F042-C6D0-4B05-9D55-9AA49650A76B}.Release|Any CPU.ActiveCfg = Release|Any CPU
		{1438F042-C6D0-4B05-9D55-9AA49650A76B}.Release|Any CPU.Build.0 = Release|Any CPU
	EndGlobalSection
	GlobalSection(SolutionProperties) = preSolution
		HideSolutionNode = FALSE
	EndGlobalSection
	GlobalSection(ExtensibilityGlobals) = postSolution
		SolutionGuid = {BA93F2C7-BE17-49B9-8F71-205170FAE377}
	EndGlobalSection
EndGlobal
